
Microsoft Visual Studio Solution File, Format Version 12.00
# Visual Studio Version 16
VisualStudioVersion = 16.0.30907.101
MinimumVisualStudioVersion = 10.0.40219.1
Project("{9A19103F-16F7-4668-BE54-9A1E7A4F7556}") = "Enities", "Enities\Enities.csproj", "{ABAD7C46-B72A-42B9-8C11-34E8C70C35E8}"
EndProject
Project("{9A19103F-16F7-4668-BE54-9A1E7A4F7556}") = "DataAccess", "DataAccess\DataAccess.csproj", "{0DCF9782-8CA3-4772-BE27-D92F71932EAC}"
EndProject
Project("{9A19103F-16F7-4668-BE54-9A1E7A4F7556}") = "Business", "Business\Business.csproj", "{0BD65736-2449-41E1-927E-2E6391ADC5BC}"
EndProject
Project("{9A19103F-16F7-4668-BE54-9A1E7A4F7556}") = "Client", "Client\Client.csproj", "{8BD052D7-0D52-4AE2-A498-43730289E67F}"
EndProject
Project("{9A19103F-16F7-4668-BE54-9A1E7A4F7556}") = "Core", "Core\Core.csproj", "{4AEE0F79-5D7A-4088-9D95-048DC83EAD46}"
EndProject
Project("{FAE04EC0-301F-11D3-BF4B-00C04F79EFBC}") = "Test", "Test\Test.csproj", "{98DD3F5E-8A04-4653-B021-E6CC602066FD}"
EndProject
Global
	GlobalSection(SolutionConfigurationPlatforms) = preSolution
		Debug|Any CPU = Debug|Any CPU
		Release|Any CPU = Release|Any CPU
	EndGlobalSection
	GlobalSection(ProjectConfigurationPlatforms) = postSolution
		{ABAD7C46-B72A-42B9-8C11-34E8C70C35E8}.Debug|Any CPU.ActiveCfg = Debug|Any CPU
		{ABAD7C46-B72A-42B9-8C11-34E8C70C35E8}.Debug|Any CPU.Build.0 = Debug|Any CPU
		{ABAD7C46-B72A-42B9-8C11-34E8C70C35E8}.Release|Any CPU.ActiveCfg = Release|Any CPU
		{ABAD7C46-B72A-42B9-8C11-34E8C70C35E8}.Release|Any CPU.Build.0 = Release|Any CPU
		{0DCF9782-8CA3-4772-BE27-D92F71932EAC}.Debug|Any CPU.ActiveCfg = Debug|Any CPU
		{0DCF9782-8CA3-4772-BE27-D92F71932EAC}.Debug|Any CPU.Build.0 = Debug|Any CPU
		{0DCF9782-8CA3-4772-BE27-D92F71932EAC}.Release|Any CPU.ActiveCfg = Release|Any CPU
		{0DCF9782-8CA3-4772-BE27-D92F71932EAC}.Release|Any CPU.Build.0 = Release|Any CPU
		{0BD65736-2449-41E1-927E-2E6391ADC5BC}.Debug|Any CPU.ActiveCfg = Debug|Any CPU
		{0BD65736-2449-41E1-927E-2E6391ADC5BC}.Debug|Any CPU.Build.0 = Debug|Any CPU
		{0BD65736-2449-41E1-927E-2E6391ADC5BC}.Release|Any CPU.ActiveCfg = Release|Any CPU
		{0BD65736-2449-41E1-927E-2E6391ADC5BC}.Release|Any CPU.Build.0 = Release|Any CPU
		{8BD052D7-0D52-4AE2-A498-43730289E67F}.Debug|Any CPU.ActiveCfg = Debug|Any CPU
		{8BD052D7-0D52-4AE2-A498-43730289E67F}.Debug|Any CPU.Build.0 = Debug|Any CPU
		{8BD052D7-0D52-4AE2-A498-43730289E67F}.Release|Any CPU.ActiveCfg = Release|Any CPU
		{8BD052D7-0D52-4AE2-A498-43730289E67F}.Release|Any CPU.Build.0 = Release|Any CPU
		{4AEE0F79-5D7A-4088-9D95-048DC83EAD46}.Debug|Any CPU.ActiveCfg = Debug|Any CPU
		{4AEE0F79-5D7A-4088-9D95-048DC83EAD46}.Debug|Any CPU.Build.0 = Debug|Any CPU
		{4AEE0F79-5D7A-4088-9D95-048DC83EAD46}.Release|Any CPU.ActiveCfg = Release|Any CPU
		{4AEE0F79-5D7A-4088-9D95-048DC83EAD46}.Release|Any CPU.Build.0 = Release|Any CPU
		{98DD3F5E-8A04-4653-B021-E6CC602066FD}.Debug|Any CPU.ActiveCfg = Debug|Any CPU
		{98DD3F5E-8A04-4653-B021-E6CC602066FD}.Debug|Any CPU.Build.0 = Debug|Any CPU
		{98DD3F5E-8A04-4653-B021-E6CC602066FD}.Release|Any CPU.ActiveCfg = Release|Any CPU
		{98DD3F5E-8A04-4653-B021-E6CC602066FD}.Release|Any CPU.Build.0 = Release|Any CPU
	EndGlobalSection
	GlobalSection(SolutionProperties) = preSolution
		HideSolutionNode = FALSE
	EndGlobalSection
	GlobalSection(ExtensibilityGlobals) = postSolution
		SolutionGuid = {91AD9D64-A04C-4467-A404-73A38824447D}
	EndGlobalSection
EndGlobal
